
Microsoft Visual Studio Solution File, Format Version 12.00
# Visual Studio Version 16
VisualStudioVersion = 16.0.30804.86
MinimumVisualStudioVersion = 10.0.40219.1
Project("{FAE04EC0-301F-11D3-BF4B-00C04F79EFBC}") = "ReflectObject", "ReflectObject\ReflectObject.csproj", "{0F62B7E2-ED9F-435E-90A7-79CBCCC8BA7F}"
EndProject
Project("{FAE04EC0-301F-11D3-BF4B-00C04F79EFBC}") = "Test", "Test\Test.csproj", "{11E1F3FC-3D89-4F11-AFB1-1B8235354853}"
EndProject
Global
	GlobalSection(SolutionConfigurationPlatforms) = preSolution
		Debug|Any CPU = Debug|Any CPU
		Release|Any CPU = Release|Any CPU
	EndGlobalSection
	GlobalSection(ProjectConfigurationPlatforms) = postSolution
		{0F62B7E2-ED9F-435E-90A7-79CBCCC8BA7F}.Debug|Any CPU.ActiveCfg = Debug|Any CPU
		{0F62B7E2-ED9F-435E-90A7-79CBCCC8BA7F}.Debug|Any CPU.Build.0 = Debug|Any CPU
		{0F62B7E2-ED9F-435E-90A7-79CBCCC8BA7F}.Release|Any CPU.ActiveCfg = Release|Any CPU
		{0F62B7E2-ED9F-435E-90A7-79CBCCC8BA7F}.Release|Any CPU.Build.0 = Release|Any CPU
		{11E1F3FC-3D89-4F11-AFB1-1B8235354853}.Debug|Any CPU.ActiveCfg = Debug|Any CPU
		{11E1F3FC-3D89-4F11-AFB1-1B8235354853}.Debug|Any CPU.Build.0 = Debug|Any CPU
		{11E1F3FC-3D89-4F11-AFB1-1B8235354853}.Release|Any CPU.ActiveCfg = Release|Any CPU
		{11E1F3FC-3D89-4F11-AFB1-1B8235354853}.Release|Any CPU.Build.0 = Release|Any CPU
	EndGlobalSection
	GlobalSection(SolutionProperties) = preSolution
		HideSolutionNode = FALSE
	EndGlobalSection
	GlobalSection(ExtensibilityGlobals) = postSolution
		SolutionGuid = {0EAC892C-2131-463A-A407-ECD772A66ACF}
	EndGlobalSection
EndGlobal
